# This file is automatically @generated by Poetry 1.4.2 and should not be changed by hand.

[[package]]
name = "polib"
version = "1.2.0"
description = "A library to manipulate gettext files (po and mo files)."
category = "main"
optional = false
python-versions = "*"
files = [
    {file = "polib-1.2.0-py2.py3-none-any.whl", hash = "sha256:1c77ee1b81feb31df9bca258cbc58db1bbb32d10214b173882452c73af06d62d"},
    {file = "polib-1.2.0.tar.gz", hash = "sha256:f3ef94aefed6e183e342a8a269ae1fc4742ba193186ad76f175938621dbfc26b"},
]

[metadata]
lock-version = "2.0"
python-versions = "^3.10"
content-hash = "dc821effd3e1906af06529c4e2eb6922cc2dcb4ea8533cf8ff164915df627042"
